{
  "name": "romaji-name",
  "version": "0.1.10",
  "lockfileVersion": 3,
  "requires": true,
  "packages": {
    "": {
      "name": "romaji-name",
      "version": "0.1.10",
      "license": "MIT",
      "dependencies": {
        "bulk-replace": "^0.0.1",
        "enamdict": "^0.1.7",
        "hepburn": "^1.2.0"
      }
    },
    "node_modules/bulk-replace": {
      "version": "0.0.1",
      "license": "MIT"
    },
    "node_modules/concat-stream": {
      "version": "1.5.2",
      "engines": [
        "node >= 0.8"
      ],
      "license": "MIT",
      "dependencies": {
        "inherits": "~2.0.1",
        "readable-stream": "~2.0.0",
        "typedarray": "~0.0.5"
      }
    },
    "node_modules/core-util-is": {
      "version": "1.0.2",
      "license": "MIT"
    },
    "node_modules/enamdict": {
      "version": "0.1.7",
      "resolved": "https://registry.npmjs.org/enamdict/-/enamdict-0.1.7.tgz",
      "integrity": "sha512-sPg/Mngb6EjFAdL/AnF4j9Q/2bA0vKzzqdRlaxzyL1i0Oe7/TMkPOpsqf+PfS/th0fJ9aA/8QLL7JTkKnPstGA==",
      "dependencies": {
        "concat-stream": "1.5.2"
      }
    },
    "node_modules/hepburn": {
      "version": "1.2.0",
      "license": "Apache-2.0",
      "dependencies": {
        "bulk-replace": "0.0.1"
      },
      "engines": {
        "node": ">=4"
      }
    },
    "node_modules/inherits": {
      "version": "2.0.4",
      "license": "ISC"
    },
    "node_modules/isarray": {
      "version": "1.0.0",
      "license": "MIT"
    },
    "node_modules/process-nextick-args": {
      "version": "1.0.7",
      "license": "MIT"
    },
    "node_modules/readable-stream": {
      "version": "2.0.6",
      "license": "MIT",
      "dependencies": {
        "core-util-is": "~1.0.0",
        "inherits": "~2.0.1",
        "isarray": "~1.0.0",
        "process-nextick-args": "~1.0.6",
        "string_decoder": "~0.10.x",
        "util-deprecate": "~1.0.1"
      }
    },
    "node_modules/string_decoder": {
      "version": "0.10.31",
      "license": "MIT"
    },
    "node_modules/typedarray": {
      "version": "0.0.6",
      "license": "MIT"
    },
    "node_modules/util-deprecate": {
      "version": "1.0.2",
      "license": "MIT"
    }
  }
}
